{
  "version": "2",
  "remote": {
    "https://cdn.skypack.dev/-/@sinonjs/fake-timers@v9.1.2-KzX0ompb8odSUvoOapks/dist=es2019,mode=types/index.d.ts": "f83b320cceccfc48457a818d18fc9a006ab18d0bdd727aa2c2e73dc1b4a45e98",
    "https://cdn.skypack.dev/-/lodash@v4.17.21-K6GEbP02mWFnLA45zAmi/dist=es2019,mode=imports/optimized/lodash.js": "10c4df47937ffc78548d136dd535a021df5f57182a653260d715c0690dd22978",
    "https://cdn.skypack.dev/-/sinon@v15.0.0-L64XeW6k7UVPYDQEDEYr/dist=es2019,mode=imports/optimized/sinon.js": "ec652f5675f6f0905ec15362cd8d7fea6406389e6f3748d5c59b9d5e75197af4",
    "https://cdn.skypack.dev/-/sinon@v15.0.0-L64XeW6k7UVPYDQEDEYr/dist=es2019,mode=types/index.d.ts": "0f2e3eac43c7fe1f475144a590bfc0a7e589f478b09e399a1a1cd36c97de38d1",
    "https://cdn.skypack.dev/lodash": "8280de0b3efd87f06ea0eb330d15b8de32c059556023b8c6524e9eb9e4844dc0",
    "https://cdn.skypack.dev/sinon": "a49e1102329bd9dd61fceb8fc42177e83fed65135afb219ff2717fd94e031222",
    "https://cdn.skypack.dev/sinon?dts": "a49e1102329bd9dd61fceb8fc42177e83fed65135afb219ff2717fd94e031222",
    "https://deno.land/std@0.167.0/_util/asserts.ts": "d0844e9b62510f89ce1f9878b046f6a57bf88f208a10304aab50efcb48365272",
    "https://deno.land/std@0.167.0/bytes/concat.ts": "97a1274e117510ffffc9499c4debb9541e408732bab2e0ca624869ae13103c10",
    "https://deno.land/std@0.167.0/fmt/colors.ts": "03ad95e543d2808bc43c17a3dd29d25b43d0f16287fe562a0be89bf632454a12",
    "https://deno.land/std@0.167.0/testing/_diff.ts": "a23e7fc2b4d8daa3e158fa06856bedf5334ce2a2831e8bf9e509717f455adb2c",
    "https://deno.land/std@0.167.0/testing/_format.ts": "cd11136e1797791045e639e9f0f4640d5b4166148796cad37e6ef75f7d7f3832",
    "https://deno.land/std@0.167.0/testing/asserts.ts": "51353e79437361d4b02d8e32f3fc83b22231bc8f8d4c841d86fd32b0b0afe940",
    "https://deno.land/std@0.167.0/testing/mock.ts": "e19bf1f42b4b0aa7bc85d1f3aa01ed6d99368347c8df2d38e33d177a3976718b",
    "https://deno.land/std@0.167.0/uuid/_common.ts": "b608b98503c701d96ddf6983a40fa424952e1ea6d4b13bf13ebe29530742cee4",
    "https://deno.land/std@0.167.0/uuid/mod.ts": "e57ba10200d75f2b17570f13eba19faa6734b1be2da5091e2c01039df41274a5",
    "https://deno.land/std@0.167.0/uuid/v1.ts": "7123410ef9ce980a4f2e54a586ccde5ed7063f6f119a70d86eebd92f8e100295",
    "https://deno.land/std@0.167.0/uuid/v4.ts": "60c829ec64291b920f1ff5f391fce8d05a42f74f58d5949e12bc0b3af88c7f5d",
    "https://deno.land/std@0.167.0/uuid/v5.ts": "fa79d1495ec5bbbf6c3f3f6073d9ab3eecb0683371d936299ec9c3d1df2caac7",
    "https://deno.land/x/zod@v3.19.1/ZodError.ts": "bd013373ed0cb47621d18df2abb8709a231166806821d76a84d31cad7068379e",
    "https://deno.land/x/zod@v3.19.1/errors.ts": "5285922d2be9700cc0c70c95e4858952b07ae193aa0224be3cbd5cd5567eabef",
    "https://deno.land/x/zod@v3.19.1/external.ts": "584f70718e55ae2660d18a552f9c3a5d022f8153aa43e6537f2c2738d6808d42",
    "https://deno.land/x/zod@v3.19.1/helpers/enumUtil.ts": "54efc393cc9860e687d8b81ff52e980def00fa67377ad0bf8b3104f8a5bf698c",
    "https://deno.land/x/zod@v3.19.1/helpers/errorUtil.ts": "7a77328240be7b847af6de9189963bd9f79cab32bbc61502a9db4fe6683e2ea7",
    "https://deno.land/x/zod@v3.19.1/helpers/parseUtil.ts": "920a5623929a4be9110412f82d16ccda537a58e153c942a6d6b8a38329f293a1",
    "https://deno.land/x/zod@v3.19.1/helpers/partialUtil.ts": "8dc921a02b47384cf52217c7e539268daf619f89319b75bdf13ea178815725df",
    "https://deno.land/x/zod@v3.19.1/helpers/typeAliases.ts": "a1a8d039eb98925f242f5ea1e21e6d3cabd7f05e9747680165c914695c979b4f",
    "https://deno.land/x/zod@v3.19.1/helpers/util.ts": "27765b9fbf843da59fcc16dccd6478976051b483769ec8e8376ac051bbac4a02",
    "https://deno.land/x/zod@v3.19.1/index.ts": "035a7422d9f2be54daa0fe464254b69225b443000673e4794095d672471e8792",
    "https://deno.land/x/zod@v3.19.1/locales/en.ts": "152ea350b7df6ce14f2806fc8c0972f56c9b2de6a3dd1129795287f50dee4374",
    "https://deno.land/x/zod@v3.19.1/mod.ts": "64e55237cb4410e17d968cd08975566059f27638ebb0b86048031b987ba251c4",
    "https://deno.land/x/zod@v3.19.1/types.ts": "ab062fe1640d2172f49ca593fb325a22f8927145201f29b02b62353c79db2501"
  },
  "npm": {
    "specifiers": {
      "array-from-async": "array-from-async@3.0.0",
      "got": "got@12.5.3",
      "ky": "ky@0.32.2"
    },
    "packages": {
      "@sindresorhus/is@5.3.0": {
        "integrity": "sha512-CX6t4SYQ37lzxicAqsBtxA3OseeoVrh9cSJ5PFYam0GksYlupRfy1A+Q4aYD3zvcfECLc0zO2u+ZnR2UYKvCrw==",
        "dependencies": {}
      },
      "@szmarczak/http-timer@5.0.1": {
        "integrity": "sha512-+PmQX0PiAYPMeVYe237LJAYvOMYW1j2rH5YROyS3b4CTVJum34HfRvKvAzozHAQG0TnHNdUfY9nCeUyRAs//cw==",
        "dependencies": { "defer-to-connect": "defer-to-connect@2.0.1" }
      },
      "@types/http-cache-semantics@4.0.1": {
        "integrity": "sha512-SZs7ekbP8CN0txVG2xVRH6EgKmEm31BOxA07vkFaETzZz1xh+cbt8BcI0slpymvwhx5dlFnQG2rTlPVQn+iRPQ==",
        "dependencies": {}
      },
      "array-from-async@3.0.0": {
        "integrity": "sha512-gV8/L4y2QB5JTXL9DMdtspGyed2M3V6nMnSN+nNg8ejyUlAAbKAjRS6pfWWINjU/MuFJFMGWPazHPor7hThXQw==",
        "dependencies": {}
      },
      "cacheable-lookup@7.0.0": {
        "integrity": "sha512-+qJyx4xiKra8mZrcwhjMRMUhD5NR1R8esPkzIYxX96JiecFoxAXFuz/GpR3+ev4PE1WamHip78wV0vcmPQtp8w==",
        "dependencies": {}
      },
      "cacheable-request@10.2.3": {
        "integrity": "sha512-6BehRBOs7iurNjAYN9iPazTwFDaMQavJO8W1MEm3s2pH8q/tkPTtLDRUZaweWK87WFGf2Y5wLAlaCJlR5kOz3w==",
        "dependencies": {
          "@types/http-cache-semantics": "@types/http-cache-semantics@4.0.1",
          "get-stream": "get-stream@6.0.1",
          "http-cache-semantics": "http-cache-semantics@4.1.0",
          "keyv": "keyv@4.5.2",
          "mimic-response": "mimic-response@4.0.0",
          "normalize-url": "normalize-url@8.0.0",
          "responselike": "responselike@3.0.0"
        }
      },
      "decompress-response@6.0.0": {
        "integrity": "sha512-aW35yZM6Bb/4oJlZncMH2LCoZtJXTRxES17vE3hoRiowU2kWHaJKFkSBDnDR+cm9J+9QhXmREyIfv0pji9ejCQ==",
        "dependencies": { "mimic-response": "mimic-response@3.1.0" }
      },
      "defer-to-connect@2.0.1": {
        "integrity": "sha512-4tvttepXG1VaYGrRibk5EwJd1t4udunSOVMdLSAL6mId1ix438oPwPZMALY41FCijukO1L0twNcGsdzS7dHgDg==",
        "dependencies": {}
      },
      "form-data-encoder@2.1.4": {
        "integrity": "sha512-yDYSgNMraqvnxiEXO4hi88+YZxaHC6QKzb5N84iRCTDeRO7ZALpir/lVmf/uXUhnwUr2O4HU8s/n6x+yNjQkHw==",
        "dependencies": {}
      },
      "get-stream@6.0.1": {
        "integrity": "sha512-ts6Wi+2j3jQjqi70w5AlN8DFnkSwC+MqmxEzdEALB2qXZYV3X/b1CTfgPLGJNMeAWxdPfU8FO1ms3NUfaHCPYg==",
        "dependencies": {}
      },
      "got@12.5.3": {
        "integrity": "sha512-8wKnb9MGU8IPGRIo+/ukTy9XLJBwDiCpIf5TVzQ9Cpol50eMTpBq2GAuDsuDIz7hTYmZgMgC1e9ydr6kSDWs3w==",
        "dependencies": {
          "@sindresorhus/is": "@sindresorhus/is@5.3.0",
          "@szmarczak/http-timer": "@szmarczak/http-timer@5.0.1",
          "cacheable-lookup": "cacheable-lookup@7.0.0",
          "cacheable-request": "cacheable-request@10.2.3",
          "decompress-response": "decompress-response@6.0.0",
          "form-data-encoder": "form-data-encoder@2.1.4",
          "get-stream": "get-stream@6.0.1",
          "http2-wrapper": "http2-wrapper@2.2.0",
          "lowercase-keys": "lowercase-keys@3.0.0",
          "p-cancelable": "p-cancelable@3.0.0",
          "responselike": "responselike@3.0.0"
        }
      },
      "http-cache-semantics@4.1.0": {
        "integrity": "sha512-carPklcUh7ROWRK7Cv27RPtdhYhUsela/ue5/jKzjegVvXDqM2ILE9Q2BGn9JZJh1g87cp56su/FgQSzcWS8cQ==",
        "dependencies": {}
      },
      "http2-wrapper@2.2.0": {
        "integrity": "sha512-kZB0wxMo0sh1PehyjJUWRFEd99KC5TLjZ2cULC4f9iqJBAmKQQXEICjxl5iPJRwP40dpeHFqqhm7tYCvODpqpQ==",
        "dependencies": {
          "quick-lru": "quick-lru@5.1.1",
          "resolve-alpn": "resolve-alpn@1.2.1"
        }
      },
      "json-buffer@3.0.1": {
        "integrity": "sha512-4bV5BfR2mqfQTJm+V5tPPdf+ZpuhiIvTuAB5g8kcrXOZpTT/QwwVRWBywX1ozr6lEuPdbHxwaJlm9G6mI2sfSQ==",
        "dependencies": {}
      },
      "keyv@4.5.2": {
        "integrity": "sha512-5MHbFaKn8cNSmVW7BYnijeAVlE4cYA/SVkifVgrh7yotnfhKmjuXpDKjrABLnT0SfHWV21P8ow07OGfRrNDg8g==",
        "dependencies": { "json-buffer": "json-buffer@3.0.1" }
      },
      "ky@0.32.2": {
        "integrity": "sha512-eBJeF6IXNwX5rksdwBrE2rIJrU2d84GoTvdM7OmmTIwUVXEMd72wIwvT+nyhrqtv7AzbSNsWz7yRsHgVhj1uog==",
        "dependencies": {}
      },
      "lowercase-keys@3.0.0": {
        "integrity": "sha512-ozCC6gdQ+glXOQsveKD0YsDy8DSQFjDTz4zyzEHNV5+JP5D62LmfDZ6o1cycFx9ouG940M5dE8C8CTewdj2YWQ==",
        "dependencies": {}
      },
      "mimic-response@3.1.0": {
        "integrity": "sha512-z0yWI+4FDrrweS8Zmt4Ej5HdJmky15+L2e6Wgn3+iK5fWzb6T3fhNFq2+MeTRb064c6Wr4N/wv0DzQTjNzHNGQ==",
        "dependencies": {}
      },
      "mimic-response@4.0.0": {
        "integrity": "sha512-e5ISH9xMYU0DzrT+jl8q2ze9D6eWBto+I8CNpe+VI+K2J/F/k3PdkdTdz4wvGVH4NTpo+NRYTVIuMQEMMcsLqg==",
        "dependencies": {}
      },
      "normalize-url@8.0.0": {
        "integrity": "sha512-uVFpKhj5MheNBJRTiMZ9pE/7hD1QTeEvugSJW/OmLzAp78PB5O6adfMNTvmfKhXBkvCzC+rqifWcVYpGFwTjnw==",
        "dependencies": {}
      },
      "p-cancelable@3.0.0": {
        "integrity": "sha512-mlVgR3PGuzlo0MmTdk4cXqXWlwQDLnONTAg6sm62XkMJEiRxN3GL3SffkYvqwonbkJBcrI7Uvv5Zh9yjvn2iUw==",
        "dependencies": {}
      },
      "quick-lru@5.1.1": {
        "integrity": "sha512-WuyALRjWPDGtt/wzJiadO5AXY+8hZ80hVpe6MyivgraREW751X3SbhRvG3eLKOYN+8VEvqLcf3wdnt44Z4S4SA==",
        "dependencies": {}
      },
      "resolve-alpn@1.2.1": {
        "integrity": "sha512-0a1F4l73/ZFZOakJnQ3FvkJ2+gSTQWz/r2KE5OdDY0TxPm5h4GkqkWWfM47T7HsbnOtcJVEF4epCVy6u7Q3K+g==",
        "dependencies": {}
      },
      "responselike@3.0.0": {
        "integrity": "sha512-40yHxbNcl2+rzXvZuVkrYohathsSJlMTXKryG5y8uciHv1+xDLHQpgjG64JUO9nrEq2jGLH6IZ8BcZyw3wrweg==",
        "dependencies": { "lowercase-keys": "lowercase-keys@3.0.0" }
      }
    }
  }
}
